
Microsoft Visual Studio Solution File, Format Version 12.00
# Visual Studio Version 17
VisualStudioVersion = 17.9.34622.214
MinimumVisualStudioVersion = 10.0.40219.1
Project("{FAE04EC0-301F-11D3-BF4B-00C04F79EFBC}") = "Domain", "Domain\Domain.csproj", "{513E6F06-2A24-4269-8082-3774E1A59AE8}"
EndProject
Project("{FAE04EC0-301F-11D3-BF4B-00C04F79EFBC}") = "Application", "Application\Application.csproj", "{0D4D733C-3D84-4F69-82C4-F84AC33A5521}"
EndProject
Project("{FAE04EC0-301F-11D3-BF4B-00C04F79EFBC}") = "Infrastructure", "Infrastructure\Infrastructure.csproj", "{A8FA52C5-66FA-40AD-BFFE-44EEAA76739F}"
EndProject
Project("{FAE04EC0-301F-11D3-BF4B-00C04F79EFBC}") = "Gmetrics.API", "Gmetrics.API\Gmetrics.API.csproj", "{9984879A-5179-411A-8EDB-943046CD26F8}"
EndProject
Global
	GlobalSection(SolutionConfigurationPlatforms) = preSolution
		Debug|Any CPU = Debug|Any CPU
		Release|Any CPU = Release|Any CPU
	EndGlobalSection
	GlobalSection(ProjectConfigurationPlatforms) = postSolution
		{513E6F06-2A24-4269-8082-3774E1A59AE8}.Debug|Any CPU.ActiveCfg = Debug|Any CPU
		{513E6F06-2A24-4269-8082-3774E1A59AE8}.Debug|Any CPU.Build.0 = Debug|Any CPU
		{513E6F06-2A24-4269-8082-3774E1A59AE8}.Release|Any CPU.ActiveCfg = Release|Any CPU
		{513E6F06-2A24-4269-8082-3774E1A59AE8}.Release|Any CPU.Build.0 = Release|Any CPU
		{0D4D733C-3D84-4F69-82C4-F84AC33A5521}.Debug|Any CPU.ActiveCfg = Debug|Any CPU
		{0D4D733C-3D84-4F69-82C4-F84AC33A5521}.Debug|Any CPU.Build.0 = Debug|Any CPU
		{0D4D733C-3D84-4F69-82C4-F84AC33A5521}.Release|Any CPU.ActiveCfg = Release|Any CPU
		{0D4D733C-3D84-4F69-82C4-F84AC33A5521}.Release|Any CPU.Build.0 = Release|Any CPU
		{A8FA52C5-66FA-40AD-BFFE-44EEAA76739F}.Debug|Any CPU.ActiveCfg = Debug|Any CPU
		{A8FA52C5-66FA-40AD-BFFE-44EEAA76739F}.Debug|Any CPU.Build.0 = Debug|Any CPU
		{A8FA52C5-66FA-40AD-BFFE-44EEAA76739F}.Release|Any CPU.ActiveCfg = Release|Any CPU
		{A8FA52C5-66FA-40AD-BFFE-44EEAA76739F}.Release|Any CPU.Build.0 = Release|Any CPU
		{9984879A-5179-411A-8EDB-943046CD26F8}.Debug|Any CPU.ActiveCfg = Debug|Any CPU
		{9984879A-5179-411A-8EDB-943046CD26F8}.Debug|Any CPU.Build.0 = Debug|Any CPU
		{9984879A-5179-411A-8EDB-943046CD26F8}.Release|Any CPU.ActiveCfg = Release|Any CPU
		{9984879A-5179-411A-8EDB-943046CD26F8}.Release|Any CPU.Build.0 = Release|Any CPU
	EndGlobalSection
	GlobalSection(SolutionProperties) = preSolution
		HideSolutionNode = FALSE
	EndGlobalSection
	GlobalSection(ExtensibilityGlobals) = postSolution
		SolutionGuid = {EE416268-AD4F-498C-BE13-C87CCE4C1E5F}
	EndGlobalSection
EndGlobal
